
Microsoft Visual Studio Solution File, Format Version 12.00
# Visual Studio Version 17
VisualStudioVersion = 17.1.32328.378
MinimumVisualStudioVersion = 10.0.40219.1
Project("{FAE04EC0-301F-11D3-BF4B-00C04F79EFBC}") = "TestProject1", "TestProject1.csproj", "{98AEE985-801B-413E-8E07-2F6CE80E1C91}"
EndProject
Project("{FAE04EC0-301F-11D3-BF4B-00C04F79EFBC}") = "Prg", "..\Prg\Prg.csproj", "{F48533C9-C049-436E-9775-CB05539C3BE7}"
EndProject
Global
	GlobalSection(SolutionConfigurationPlatforms) = preSolution
		Debug|Any CPU = Debug|Any CPU
		Release|Any CPU = Release|Any CPU
	EndGlobalSection
	GlobalSection(ProjectConfigurationPlatforms) = postSolution
		{98AEE985-801B-413E-8E07-2F6CE80E1C91}.Debug|Any CPU.ActiveCfg = Debug|Any CPU
		{98AEE985-801B-413E-8E07-2F6CE80E1C91}.Debug|Any CPU.Build.0 = Debug|Any CPU
		{98AEE985-801B-413E-8E07-2F6CE80E1C91}.Release|Any CPU.ActiveCfg = Release|Any CPU
		{98AEE985-801B-413E-8E07-2F6CE80E1C91}.Release|Any CPU.Build.0 = Release|Any CPU
		{F48533C9-C049-436E-9775-CB05539C3BE7}.Debug|Any CPU.ActiveCfg = Debug|Any CPU
		{F48533C9-C049-436E-9775-CB05539C3BE7}.Debug|Any CPU.Build.0 = Debug|Any CPU
		{F48533C9-C049-436E-9775-CB05539C3BE7}.Release|Any CPU.ActiveCfg = Release|Any CPU
		{F48533C9-C049-436E-9775-CB05539C3BE7}.Release|Any CPU.Build.0 = Release|Any CPU
	EndGlobalSection
	GlobalSection(SolutionProperties) = preSolution
		HideSolutionNode = FALSE
	EndGlobalSection
	GlobalSection(ExtensibilityGlobals) = postSolution
		SolutionGuid = {13EB6BDA-382E-4EC2-9D19-B24A594D6F2E}
	EndGlobalSection
EndGlobal
